// !$*UTF8*$!
{
	archiveVersion = 1;
	classes = {
	};
	objectVersion = 46;
	objects = {

/* Begin PBXBuildFile section */
		0034777D1D1BDF9900DD47E7 /* AppDelegate.swift in Sources */ = {isa = PBXBuildFile; fileRef = 0034777C1D1BDF9900DD47E7 /* AppDelegate.swift */; };
		0034777F1D1BDF9900DD47E7 /* ViewController.swift in Sources */ = {isa = PBXBuildFile; fileRef = 0034777E1D1BDF9900DD47E7 /* ViewController.swift */; };
		003477821D1BDF9900DD47E7 /* Main.storyboard in Resources */ = {isa = PBXBuildFile; fileRef = 003477801D1BDF9900DD47E7 /* Main.storyboard */; };
		003477841D1BDF9900DD47E7 /* Assets.xcassets in Resources */ = {isa = PBXBuildFile; fileRef = 003477831D1BDF9900DD47E7 /* Assets.xcassets */; };
		003477871D1BDF9900DD47E7 /* LaunchScreen.storyboard in Resources */ = {isa = PBXBuildFile; fileRef = 003477851D1BDF9900DD47E7 /* LaunchScreen.storyboard */; };
/* End PBXBuildFile section */

/* Begin PBXFileReference section */
		003477791D1BDF9900DD47E7 /* SpeakToYou.app */ = {isa = PBXFileReference; explicitFileType = wrapper.application; includeInIndex = 0; path = SpeakToYou.app; sourceTree = BUILT_PRODUCTS_DIR; };
		0034777C1D1BDF9900DD47E7 /* AppDelegate.swift */ = {isa = PBXFileReference; lastKnownFileType = sourcecode.swift; path = AppDelegate.swift; sourceTree = "<group>"; };
		0034777E1D1BDF9900DD47E7 /* ViewController.swift */ = {isa = PBXFileReference; lastKnownFileType = sourcecode.swift; path = ViewController.swift; sourceTree = "<group>"; };
		003477811D1BDF9900DD47E7 /* Base */ = {isa = PBXFileReference; lastKnownFileType = file.storyboard; name = Base; path = Base.lproj/Main.storyboard; sourceTree = "<group>"; };
		003477831D1BDF9900DD47E7 /* Assets.xcassets */ = {isa = PBXFileReference; lastKnownFileType = folder.assetcatalog; path = Assets.xcassets; sourceTree = "<group>"; };
		003477861D1BDF9900DD47E7 /* Base */ = {isa = PBXFileReference; lastKnownFileType = file.storyboard; name = Base; path = Base.lproj/LaunchScreen.storyboard; sourceTree = "<group>"; };
		003477881D1BDF9900DD47E7 /* Info.plist */ = {isa = PBXFileReference; lastKnownFileType = text.plist.xml; path = Info.plist; sourceTree = "<group>"; };
/* End PBXFileReference section */

/* Begin PBXFrameworksBuildPhase section */
		003477761D1BDF9900DD47E7 /* Frameworks */ = {
			isa = PBXFrameworksBuildPhase;
			buildActionMask = 2147483647;
			files = (
			);
			runOnlyForDeploymentPostprocessing = 0;
		};
/* End PBXFrameworksBuildPhase section */

/* Begin PBXGroup section */
		003477701D1BDF9900DD47E7 = {
			isa = PBXGroup;
			children = (
				0034777B1D1BDF9900DD47E7 /* SpeakToYou */,
				0034777A1D1BDF9900DD47E7 /* Products */,
			);
			sourceTree = "<group>";
		};
		0034777A1D1BDF9900DD47E7 /* Products */ = {
			isa = PBXGroup;
			children = (
				003477791D1BDF9900DD47E7 /* SpeakToYou.app */,
			);
			name = Products;
			sourceTree = "<group>";
		};
		0034777B1D1BDF9900DD47E7 /* SpeakToYou */ = {
			isa = PBXGroup;
			children = (
				0034777C1D1BDF9900DD47E7 /* AppDelegate.swift */,
				0034777E1D1BDF9900DD47E7 /* ViewController.swift */,
				003477801D1BDF9900DD47E7 /* Main.storyboard */,
				003477831D1BDF9900DD47E7 /* Assets.xcassets */,
				003477851D1BDF9900DD47E7 /* LaunchScreen.storyboard */,
				003477881D1BDF9900DD47E7 /* Info.plist */,
			);
			path = SpeakToYou;
			sourceTree = "<group>";
		};
/* End PBXGroup section */

/* Begin PBXNativeTarget section */
		003477781D1BDF9900DD47E7 /* SpeakToYou */ = {
			isa = PBXNativeTarget;
			buildConfigurationList = 0034778B1D1BDF9900DD47E7 /* Build configuration list for PBXNativeTarget "SpeakToYou" */;
			buildPhases = (
				003477751D1BDF9900DD47E7 /* Sources */,
				003477761D1BDF9900DD47E7 /* Frameworks */,
				003477771D1BDF9900DD47E7 /* Resources */,
			);
			buildRules = (
			);
			dependencies = (
			);
			name = SpeakToYou;
			productName = SpeakToYou;
			productReference = 003477791D1BDF9900DD47E7 /* SpeakToYou.app */;
			productType = "com.apple.product-type.application";
		};
/* End PBXNativeTarget section */

/* Begin PBXProject section */
		003477711D1BDF9900DD47E7 /* Project object */ = {
			isa = PBXProject;
			attributes = {
				LastSwiftUpdateCheck = 0730;
				LastUpgradeCheck = 0730;
				ORGANIZATIONNAME = chuchengpeng;
				TargetAttributes = {
					003477781D1BDF9900DD47E7 = {
						CreatedOnToolsVersion = 7.3;
					};
				};
			};
			buildConfigurationList = 003477741D1BDF9900DD47E7 /* Build configuration list for PBXProject "SpeakToYou" */;
			compatibilityVersion = "Xcode 3.2";
			developmentRegion = English;
			hasScannedForEncodings = 0;
			knownRegions = (
				en,
				Base,
			);
			mainGroup = 003477701D1BDF9900DD47E7;
			productRefGroup = 0034777A1D1BDF9900DD47E7 /* Products */;
			projectDirPath = "";
			projectRoot = "";
			targets = (
				003477781D1BDF9900DD47E7 /* SpeakToYou */,
			);
		};
/* End PBXProject section */

/* Begin PBXResourcesBuildPhase section */
		003477771D1BDF9900DD47E7 /* Resources */ = {
			isa = PBXResourcesBuildPhase;
			buildActionMask = 2147483647;
			files = (
				003477871D1BDF9900DD47E7 /* LaunchScreen.storyboard in Resources */,
				003477841D1BDF9900DD47E7 /* Assets.xcassets in Resources */,
				003477821D1BDF9900DD47E7 /* Main.storyboard in Resources */,
			);
			runOnlyForDeploymentPostprocessing = 0;
		};
/* End PBXResourcesBuildPhase section */

/* Begin PBXSourcesBuildPhase section */
		003477751D1BDF9900DD47E7 /* Sources */ = {
			isa = PBXSourcesBuildPhase;
			buildActionMask = 2147483647;
			files = (
				0034777F1D1BDF9900DD47E7 /* ViewController.swift in Sources */,
				0034777D1D1BDF9900DD47E7 /* AppDelegate.swift in Sources */,
			);
			runOnlyForDeploymentPostprocessing = 0;
		};
/* End PBXSourcesBuildPhase section */

/* Begin PBXVariantGroup section */
		003477801D1BDF9900DD47E7 /* Main.storyboard */ = {
			isa = PBXVariantGroup;
			children = (
				003477811D1BDF9900DD47E7 /* Base */,
			);
			name = Main.storyboard;
			sourceTree = "<group>";
		};
		003477851D1BDF9900DD47E7 /* LaunchScreen.storyboard */ = {
			isa = PBXVariantGroup;
			children = (
				003477861D1BDF9900DD47E7 /* Base */,
			);
			name = LaunchScreen.storyboard;
			sourceTree = "<group>";
		};
/* End PBXVariantGroup section */

/* Begin XCBuildConfiguration section */
		003477891D1BDF9900DD47E7 /* Debug */ = {
			isa = XCBuildConfiguration;
			buildSettings = {
				ALWAYS_SEARCH_USER_PATHS = NO;
				CLANG_ANALYZER_NONNULL = YES;
				CLANG_CXX_LANGUAGE_STANDARD = "gnu++0x";
				CLANG_CXX_LIBRARY = "libc++";
				CLANG_ENABLE_MODULES = YES;
				CLANG_ENABLE_OBJC_ARC = YES;
				CLANG_WARN_BOOL_CONVERSION = YES;
				CLANG_WARN_CONSTANT_CONVERSION = YES;
				CLANG_WARN_DIRECT_OBJC_ISA_USAGE = YES_ERROR;
				CLANG_WARN_EMPTY_BODY = YES;
				CLANG_WARN_ENUM_CONVERSION = YES;
				CLANG_WARN_INT_CONVERSION = YES;
				CLANG_WARN_OBJC_ROOT_CLASS = YES_ERROR;
				CLANG_WARN_UNREACHABLE_CODE = YES;
				CLANG_WARN__DUPLICATE_METHOD_MATCH = YES;
				"CODE_SIGN_IDENTITY[sdk=iphoneos*]" = "iPhone Developer";
				COPY_PHASE_STRIP = NO;
				DEBUG_INFORMATION_FORMAT = dwarf;
				ENABLE_STRICT_OBJC_MSGSEND = YES;
				ENABLE_TESTABILITY = YES;
				GCC_C_LANGUAGE_STANDARD = gnu99;
				GCC_DYNAMIC_NO_PIC = NO;
				GCC_NO_COMMON_BLOCKS = YES;
				GCC_OPTIMIZATION_LEVEL = 0;
				GCC_PREPROCESSOR_DEFINITIONS = (
					"DEBUG=1",
					"$(inherited)",
				);
				GCC_WARN_64_TO_32_BIT_CONVERSION = YES;
				GCC_WARN_ABOUT_RETURN_TYPE = YES_ERROR;
				GCC_WARN_UNDECLARED_SELECTOR = YES;
				GCC_WARN_UNINITIALIZED_AUTOS = YES_AGGRESSIVE;
				GCC_WARN_UNUSED_FUNCTION = YES;
				GCC_WARN_UNUSED_VARIABLE = YES;
				IPHONEOS_DEPLOYMENT_TARGET = 9.3;
				MTL_ENABLE_DEBUG_INFO = YES;
				ONLY_ACTIVE_ARCH = YES;
				SDKROOT = iphoneos;
				SWIFT_OPTIMIZATION_LEVEL = "-Onone";
			};
			name = Debug;
		};
		0034778A1D1BDF9900DD47E7 /* Release */ = {
			isa = XCBuildConfiguration;
			buildSettings = {
				ALWAYS_SEARCH_USER_PATHS = NO;
				CLANG_ANALYZER_NONNULL = YES;
				CLANG_CXX_LANGUAGE_STANDARD = "gnu++0x";
				CLANG_CXX_LIBRARY = "libc++";
				CLANG_ENABLE_MODULES = YES;
				CLANG_ENABLE_OBJC_ARC = YES;
				CLANG_WARN_BOOL_CONVERSION = YES;
				CLANG_WARN_CONSTANT_CONVERSION = YES;
				CLANG_WARN_DIRECT_OBJC_ISA_USAGE = YES_ERROR;
				CLANG_WARN_EMPTY_BODY = YES;
				CLANG_WARN_ENUM_CONVERSION = YES;
				CLANG_WARN_INT_CONVERSION = YES;
				CLANG_WARN_OBJC_ROOT_CLASS = YES_ERROR;
				CLANG_WARN_UNREACHABLE_CODE = YES;
				CLANG_WARN__DUPLICATE_METHOD_MATCH = YES;
				"CODE_SIGN_IDENTITY[sdk=iphoneos*]" = "iPhone Developer";
				COPY_PHASE_STRIP = NO;
				DEBUG_INFORMATION_FORMAT = "dwarf-with-dsym";
				ENABLE_NS_ASSERTIONS = NO;
				ENABLE_STRICT_OBJC_MSGSEND = YES;
				GCC_C_LANGUAGE_STANDARD = gnu99;
				GCC_NO_COMMON_BLOCKS = YES;
				GCC_WARN_64_TO_32_BIT_CONVERSION = YES;
				GCC_WARN_ABOUT_RETURN_TYPE = YES_ERROR;
				GCC_WARN_UNDECLARED_SELECTOR = YES;
				GCC_WARN_UNINITIALIZED_AUTOS = YES_AGGRESSIVE;
				GCC_WARN_UNUSED_FUNCTION = YES;
				GCC_WARN_UNUSED_VARIABLE = YES;
				IPHONEOS_DEPLOYMENT_TARGET = 9.3;
				MTL_ENABLE_DEBUG_INFO = NO;
				SDKROOT = iphoneos;
				VALIDATE_PRODUCT = YES;
			};
			name = Release;
		};
		0034778C1D1BDF9900DD47E7 /* Debug */ = {
			isa = XCBuildConfiguration;
			buildSettings = {
				ASSETCATALOG_COMPILER_APPICON_NAME = AppIcon;
				INFOPLIST_FILE = SpeakToYou/Info.plist;
				LD_RUNPATH_SEARCH_PATHS = "$(inherited) @executable_path/Frameworks";
				PRODUCT_BUNDLE_IDENTIFIER = CCP.SpeakToYou;
				PRODUCT_NAME = "$(TARGET_NAME)";
			};
			name = Debug;
		};
		0034778D1D1BDF9900DD47E7 /* Release */ = {
			isa = XCBuildConfiguration;
			buildSettings = {
				ASSETCATALOG_COMPILER_APPICON_NAME = AppIcon;
				INFOPLIST_FILE = SpeakToYou/Info.plist;
				LD_RUNPATH_SEARCH_PATHS = "$(inherited) @executable_path/Frameworks";
				PRODUCT_BUNDLE_IDENTIFIER = CCP.SpeakToYou;
				PRODUCT_NAME = "$(TARGET_NAME)";
			};
			name = Release;
		};
/* End XCBuildConfiguration section */

/* Begin XCConfigurationList section */
		003477741D1BDF9900DD47E7 /* Build configuration list for PBXProject "SpeakToYou" */ = {
			isa = XCConfigurationList;
			buildConfigurations = (
				003477891D1BDF9900DD47E7 /* Debug */,
				0034778A1D1BDF9900DD47E7 /* Release */,
			);
			defaultConfigurationIsVisible = 0;
			defaultConfigurationName = Release;
		};
		0034778B1D1BDF9900DD47E7 /* Build configuration list for PBXNativeTarget "SpeakToYou" */ = {
			isa = XCConfigurationList;
			buildConfigurations = (
				0034778C1D1BDF9900DD47E7 /* Debug */,
				0034778D1D1BDF9900DD47E7 /* Release */,
			);
			defaultConfigurationIsVisible = 0;
		};
/* End XCConfigurationList section */
	};
	rootObject = 003477711D1BDF9900DD47E7 /* Project object */;
}
